// !$*UTF8*$!
{
	archiveVersion = 1;
	classes = {
	};
	objectVersion = 46;
	objects = {

/* Begin PBXBuildFile section */
		271251B91C5D627A001975B6 /* MainAppViewController.swift in Sources */ = {isa = PBXBuildFile; fileRef = 271251B81C5D627A001975B6 /* MainAppViewController.swift */; };
		27E711EC1C5D523E009869A3 /* AppDelegate.swift in Sources */ = {isa = PBXBuildFile; fileRef = 27E711EB1C5D523E009869A3 /* AppDelegate.swift */; };
		27E711EE1C5D523E009869A3 /* ViewController.swift in Sources */ = {isa = PBXBuildFile; fileRef = 27E711ED1C5D523E009869A3 /* ViewController.swift */; };
		27E711F11C5D523E009869A3 /* Main.storyboard in Resources */ = {isa = PBXBuildFile; fileRef = 27E711EF1C5D523E009869A3 /* Main.storyboard */; };
		27E711F31C5D523E009869A3 /* Assets.xcassets in Resources */ = {isa = PBXBuildFile; fileRef = 27E711F21C5D523E009869A3 /* Assets.xcassets */; };
		27E711F61C5D523E009869A3 /* LaunchScreen.storyboard in Resources */ = {isa = PBXBuildFile; fileRef = 27E711F41C5D523E009869A3 /* LaunchScreen.storyboard */; };
		27E712011C5D523E009869A3 /* Demo_AppTests.swift in Sources */ = {isa = PBXBuildFile; fileRef = 27E712001C5D523E009869A3 /* Demo_AppTests.swift */; };
		27E7120C1C5D523E009869A3 /* Demo_AppUITests.swift in Sources */ = {isa = PBXBuildFile; fileRef = 27E7120B1C5D523E009869A3 /* Demo_AppUITests.swift */; };
		27E7121C1C5D5598009869A3 /* FBSDKCoreKit.framework in Frameworks */ = {isa = PBXBuildFile; fileRef = 27E712191C5D5598009869A3 /* FBSDKCoreKit.framework */; };
		27E7121D1C5D5598009869A3 /* FBSDKLoginKit.framework in Frameworks */ = {isa = PBXBuildFile; fileRef = 27E7121A1C5D5598009869A3 /* FBSDKLoginKit.framework */; };
		27E7121E1C5D5598009869A3 /* FBSDKShareKit.framework in Frameworks */ = {isa = PBXBuildFile; fileRef = 27E7121B1C5D5598009869A3 /* FBSDKShareKit.framework */; };
/* End PBXBuildFile section */

/* Begin PBXContainerItemProxy section */
		27E711FD1C5D523E009869A3 /* PBXContainerItemProxy */ = {
			isa = PBXContainerItemProxy;
			containerPortal = 27E711E01C5D523D009869A3 /* Project object */;
			proxyType = 1;
			remoteGlobalIDString = 27E711E71C5D523E009869A3;
			remoteInfo = "Demo App";
		};
		27E712081C5D523E009869A3 /* PBXContainerItemProxy */ = {
			isa = PBXContainerItemProxy;
			containerPortal = 27E711E01C5D523D009869A3 /* Project object */;
			proxyType = 1;
			remoteGlobalIDString = 27E711E71C5D523E009869A3;
			remoteInfo = "Demo App";
		};
/* End PBXContainerItemProxy section */

/* Begin PBXFileReference section */
		271251B81C5D627A001975B6 /* MainAppViewController.swift */ = {isa = PBXFileReference; fileEncoding = 4; lastKnownFileType = sourcecode.swift; path = MainAppViewController.swift; sourceTree = "<group>"; };
		27E711E81C5D523E009869A3 /* Demo App.app */ = {isa = PBXFileReference; explicitFileType = wrapper.application; includeInIndex = 0; path = "Demo App.app"; sourceTree = BUILT_PRODUCTS_DIR; };
		27E711EB1C5D523E009869A3 /* AppDelegate.swift */ = {isa = PBXFileReference; lastKnownFileType = sourcecode.swift; path = AppDelegate.swift; sourceTree = "<group>"; };
		27E711ED1C5D523E009869A3 /* ViewController.swift */ = {isa = PBXFileReference; lastKnownFileType = sourcecode.swift; path = ViewController.swift; sourceTree = "<group>"; };
		27E711F01C5D523E009869A3 /* Base */ = {isa = PBXFileReference; lastKnownFileType = file.storyboard; name = Base; path = Base.lproj/Main.storyboard; sourceTree = "<group>"; };
		27E711F21C5D523E009869A3 /* Assets.xcassets */ = {isa = PBXFileReference; lastKnownFileType = folder.assetcatalog; path = Assets.xcassets; sourceTree = "<group>"; };
		27E711F51C5D523E009869A3 /* Base */ = {isa = PBXFileReference; lastKnownFileType = file.storyboard; name = Base; path = Base.lproj/LaunchScreen.storyboard; sourceTree = "<group>"; };
		27E711F71C5D523E009869A3 /* Info.plist */ = {isa = PBXFileReference; lastKnownFileType = text.plist.xml; path = Info.plist; sourceTree = "<group>"; };
		27E711FC1C5D523E009869A3 /* Demo AppTests.xctest */ = {isa = PBXFileReference; explicitFileType = wrapper.cfbundle; includeInIndex = 0; path = "Demo AppTests.xctest"; sourceTree = BUILT_PRODUCTS_DIR; };
		27E712001C5D523E009869A3 /* Demo_AppTests.swift */ = {isa = PBXFileReference; lastKnownFileType = sourcecode.swift; path = Demo_AppTests.swift; sourceTree = "<group>"; };
		27E712021C5D523E009869A3 /* Info.plist */ = {isa = PBXFileReference; lastKnownFileType = text.plist.xml; path = Info.plist; sourceTree = "<group>"; };
		27E712071C5D523E009869A3 /* Demo AppUITests.xctest */ = {isa = PBXFileReference; explicitFileType = wrapper.cfbundle; includeInIndex = 0; path = "Demo AppUITests.xctest"; sourceTree = BUILT_PRODUCTS_DIR; };
		27E7120B1C5D523E009869A3 /* Demo_AppUITests.swift */ = {isa = PBXFileReference; lastKnownFileType = sourcecode.swift; path = Demo_AppUITests.swift; sourceTree = "<group>"; };
		27E7120D1C5D523E009869A3 /* Info.plist */ = {isa = PBXFileReference; lastKnownFileType = text.plist.xml; path = Info.plist; sourceTree = "<group>"; };
		27E712191C5D5598009869A3 /* FBSDKCoreKit.framework */ = {isa = PBXFileReference; lastKnownFileType = wrapper.framework; path = FBSDKCoreKit.framework; sourceTree = "<group>"; };
		27E7121A1C5D5598009869A3 /* FBSDKLoginKit.framework */ = {isa = PBXFileReference; lastKnownFileType = wrapper.framework; path = FBSDKLoginKit.framework; sourceTree = "<group>"; };
		27E7121B1C5D5598009869A3 /* FBSDKShareKit.framework */ = {isa = PBXFileReference; lastKnownFileType = wrapper.framework; path = FBSDKShareKit.framework; sourceTree = "<group>"; };
/* End PBXFileReference section */

/* Begin PBXFrameworksBuildPhase section */
		27E711E51C5D523E009869A3 /* Frameworks */ = {
			isa = PBXFrameworksBuildPhase;
			buildActionMask = 2147483647;
			files = (
				27E7121D1C5D5598009869A3 /* FBSDKLoginKit.framework in Frameworks */,
				27E7121C1C5D5598009869A3 /* FBSDKCoreKit.framework in Frameworks */,
				27E7121E1C5D5598009869A3 /* FBSDKShareKit.framework in Frameworks */,
			);
			runOnlyForDeploymentPostprocessing = 0;
		};
		27E711F91C5D523E009869A3 /* Frameworks */ = {
			isa = PBXFrameworksBuildPhase;
			buildActionMask = 2147483647;
			files = (
			);
			runOnlyForDeploymentPostprocessing = 0;
		};
		27E712041C5D523E009869A3 /* Frameworks */ = {
			isa = PBXFrameworksBuildPhase;
			buildActionMask = 2147483647;
			files = (
			);
			runOnlyForDeploymentPostprocessing = 0;
		};
/* End PBXFrameworksBuildPhase section */

/* Begin PBXGroup section */
		27E711DF1C5D523D009869A3 = {
			isa = PBXGroup;
			children = (
				27E712191C5D5598009869A3 /* FBSDKCoreKit.framework */,
				27E7121A1C5D5598009869A3 /* FBSDKLoginKit.framework */,
				27E7121B1C5D5598009869A3 /* FBSDKShareKit.framework */,
				27E711EA1C5D523E009869A3 /* Demo App */,
				27E711FF1C5D523E009869A3 /* Demo AppTests */,
				27E7120A1C5D523E009869A3 /* Demo AppUITests */,
				27E711E91C5D523E009869A3 /* Products */,
			);
			sourceTree = "<group>";
		};
		27E711E91C5D523E009869A3 /* Products */ = {
			isa = PBXGroup;
			children = (
				27E711E81C5D523E009869A3 /* Demo App.app */,
				27E711FC1C5D523E009869A3 /* Demo AppTests.xctest */,
				27E712071C5D523E009869A3 /* Demo AppUITests.xctest */,
			);
			name = Products;
			sourceTree = "<group>";
		};
		27E711EA1C5D523E009869A3 /* Demo App */ = {
			isa = PBXGroup;
			children = (
				27E711EB1C5D523E009869A3 /* AppDelegate.swift */,
				27E711ED1C5D523E009869A3 /* ViewController.swift */,
				27E711EF1C5D523E009869A3 /* Main.storyboard */,
				27E711F21C5D523E009869A3 /* Assets.xcassets */,
				27E711F41C5D523E009869A3 /* LaunchScreen.storyboard */,
				27E711F71C5D523E009869A3 /* Info.plist */,
				271251B81C5D627A001975B6 /* MainAppViewController.swift */,
			);
			path = "Demo App";
			sourceTree = "<group>";
		};
		27E711FF1C5D523E009869A3 /* Demo AppTests */ = {
			isa = PBXGroup;
			children = (
				27E712001C5D523E009869A3 /* Demo_AppTests.swift */,
				27E712021C5D523E009869A3 /* Info.plist */,
			);
			path = "Demo AppTests";
			sourceTree = "<group>";
		};
		27E7120A1C5D523E009869A3 /* Demo AppUITests */ = {
			isa = PBXGroup;
			children = (
				27E7120B1C5D523E009869A3 /* Demo_AppUITests.swift */,
				27E7120D1C5D523E009869A3 /* Info.plist */,
			);
			path = "Demo AppUITests";
			sourceTree = "<group>";
		};
/* End PBXGroup section */

/* Begin PBXNativeTarget section */
		27E711E71C5D523E009869A3 /* Demo App */ = {
			isa = PBXNativeTarget;
			buildConfigurationList = 27E712101C5D523E009869A3 /* Build configuration list for PBXNativeTarget "Demo App" */;
			buildPhases = (
				27E711E41C5D523E009869A3 /* Sources */,
				27E711E51C5D523E009869A3 /* Frameworks */,
				27E711E61C5D523E009869A3 /* Resources */,
			);
			buildRules = (
			);
			dependencies = (
			);
			name = "Demo App";
			productName = "Demo App";
			productReference = 27E711E81C5D523E009869A3 /* Demo App.app */;
			productType = "com.apple.product-type.application";
		};
		27E711FB1C5D523E009869A3 /* Demo AppTests */ = {
			isa = PBXNativeTarget;
			buildConfigurationList = 27E712131C5D523E009869A3 /* Build configuration list for PBXNativeTarget "Demo AppTests" */;
			buildPhases = (
				27E711F81C5D523E009869A3 /* Sources */,
				27E711F91C5D523E009869A3 /* Frameworks */,
				27E711FA1C5D523E009869A3 /* Resources */,
			);
			buildRules = (
			);
			dependencies = (
				27E711FE1C5D523E009869A3 /* PBXTargetDependency */,
			);
			name = "Demo AppTests";
			productName = "Demo AppTests";
			productReference = 27E711FC1C5D523E009869A3 /* Demo AppTests.xctest */;
			productType = "com.apple.product-type.bundle.unit-test";
		};
		27E712061C5D523E009869A3 /* Demo AppUITests */ = {
			isa = PBXNativeTarget;
			buildConfigurationList = 27E712161C5D523E009869A3 /* Build configuration list for PBXNativeTarget "Demo AppUITests" */;
			buildPhases = (
				27E712031C5D523E009869A3 /* Sources */,
				27E712041C5D523E009869A3 /* Frameworks */,
				27E712051C5D523E009869A3 /* Resources */,
			);
			buildRules = (
			);
			dependencies = (
				27E712091C5D523E009869A3 /* PBXTargetDependency */,
			);
			name = "Demo AppUITests";
			productName = "Demo AppUITests";
			productReference = 27E712071C5D523E009869A3 /* Demo AppUITests.xctest */;
			productType = "com.apple.product-type.bundle.ui-testing";
		};
/* End PBXNativeTarget section */

/* Begin PBXProject section */
		27E711E01C5D523D009869A3 /* Project object */ = {
			isa = PBXProject;
			attributes = {
				LastSwiftUpdateCheck = 0720;
				LastUpgradeCheck = 0720;
				ORGANIZATIONNAME = "Chris Archibald";
				TargetAttributes = {
					27E711E71C5D523E009869A3 = {
						CreatedOnToolsVersion = 7.2;
					};
					27E711FB1C5D523E009869A3 = {
						CreatedOnToolsVersion = 7.2;
						TestTargetID = 27E711E71C5D523E009869A3;
					};
					27E712061C5D523E009869A3 = {
						CreatedOnToolsVersion = 7.2;
						TestTargetID = 27E711E71C5D523E009869A3;
					};
				};
			};
			buildConfigurationList = 27E711E31C5D523D009869A3 /* Build configuration list for PBXProject "Demo App" */;
			compatibilityVersion = "Xcode 3.2";
			developmentRegion = English;
			hasScannedForEncodings = 0;
			knownRegions = (
				en,
				Base,
			);
			mainGroup = 27E711DF1C5D523D009869A3;
			productRefGroup = 27E711E91C5D523E009869A3 /* Products */;
			projectDirPath = "";
			projectRoot = "";
			targets = (
				27E711E71C5D523E009869A3 /* Demo App */,
				27E711FB1C5D523E009869A3 /* Demo AppTests */,
				27E712061C5D523E009869A3 /* Demo AppUITests */,
			);
		};
/* End PBXProject section */

/* Begin PBXResourcesBuildPhase section */
		27E711E61C5D523E009869A3 /* Resources */ = {
			isa = PBXResourcesBuildPhase;
			buildActionMask = 2147483647;
			files = (
				27E711F61C5D523E009869A3 /* LaunchScreen.storyboard in Resources */,
				27E711F31C5D523E009869A3 /* Assets.xcassets in Resources */,
				27E711F11C5D523E009869A3 /* Main.storyboard in Resources */,
			);
			runOnlyForDeploymentPostprocessing = 0;
		};
		27E711FA1C5D523E009869A3 /* Resources */ = {
			isa = PBXResourcesBuildPhase;
			buildActionMask = 2147483647;
			files = (
			);
			runOnlyForDeploymentPostprocessing = 0;
		};
		27E712051C5D523E009869A3 /* Resources */ = {
			isa = PBXResourcesBuildPhase;
			buildActionMask = 2147483647;
			files = (
			);
			runOnlyForDeploymentPostprocessing = 0;
		};
/* End PBXResourcesBuildPhase section */

/* Begin PBXSourcesBuildPhase section */
		27E711E41C5D523E009869A3 /* Sources */ = {
			isa = PBXSourcesBuildPhase;
			buildActionMask = 2147483647;
			files = (
				27E711EE1C5D523E009869A3 /* ViewController.swift in Sources */,
				271251B91C5D627A001975B6 /* MainAppViewController.swift in Sources */,
				27E711EC1C5D523E009869A3 /* AppDelegate.swift in Sources */,
			);
			runOnlyForDeploymentPostprocessing = 0;
		};
		27E711F81C5D523E009869A3 /* Sources */ = {
			isa = PBXSourcesBuildPhase;
			buildActionMask = 2147483647;
			files = (
				27E712011C5D523E009869A3 /* Demo_AppTests.swift in Sources */,
			);
			runOnlyForDeploymentPostprocessing = 0;
		};
		27E712031C5D523E009869A3 /* Sources */ = {
			isa = PBXSourcesBuildPhase;
			buildActionMask = 2147483647;
			files = (
				27E7120C1C5D523E009869A3 /* Demo_AppUITests.swift in Sources */,
			);
			runOnlyForDeploymentPostprocessing = 0;
		};
/* End PBXSourcesBuildPhase section */

/* Begin PBXTargetDependency section */
		27E711FE1C5D523E009869A3 /* PBXTargetDependency */ = {
			isa = PBXTargetDependency;
			target = 27E711E71C5D523E009869A3 /* Demo App */;
			targetProxy = 27E711FD1C5D523E009869A3 /* PBXContainerItemProxy */;
		};
		27E712091C5D523E009869A3 /* PBXTargetDependency */ = {
			isa = PBXTargetDependency;
			target = 27E711E71C5D523E009869A3 /* Demo App */;
			targetProxy = 27E712081C5D523E009869A3 /* PBXContainerItemProxy */;
		};
/* End PBXTargetDependency section */

/* Begin PBXVariantGroup section */
		27E711EF1C5D523E009869A3 /* Main.storyboard */ = {
			isa = PBXVariantGroup;
			children = (
				27E711F01C5D523E009869A3 /* Base */,
			);
			name = Main.storyboard;
			sourceTree = "<group>";
		};
		27E711F41C5D523E009869A3 /* LaunchScreen.storyboard */ = {
			isa = PBXVariantGroup;
			children = (
				27E711F51C5D523E009869A3 /* Base */,
			);
			name = LaunchScreen.storyboard;
			sourceTree = "<group>";
		};
/* End PBXVariantGroup section */

/* Begin XCBuildConfiguration section */
		27E7120E1C5D523E009869A3 /* Debug */ = {
			isa = XCBuildConfiguration;
			buildSettings = {
				ALWAYS_SEARCH_USER_PATHS = NO;
				CLANG_CXX_LANGUAGE_STANDARD = "gnu++0x";
				CLANG_CXX_LIBRARY = "libc++";
				CLANG_ENABLE_MODULES = YES;
				CLANG_ENABLE_OBJC_ARC = YES;
				CLANG_WARN_BOOL_CONVERSION = YES;
				CLANG_WARN_CONSTANT_CONVERSION = YES;
				CLANG_WARN_DIRECT_OBJC_ISA_USAGE = YES_ERROR;
				CLANG_WARN_EMPTY_BODY = YES;
				CLANG_WARN_ENUM_CONVERSION = YES;
				CLANG_WARN_INT_CONVERSION = YES;
				CLANG_WARN_OBJC_ROOT_CLASS = YES_ERROR;
				CLANG_WARN_UNREACHABLE_CODE = YES;
				CLANG_WARN__DUPLICATE_METHOD_MATCH = YES;
				"CODE_SIGN_IDENTITY[sdk=iphoneos*]" = "iPhone Developer";
				COPY_PHASE_STRIP = NO;
				DEBUG_INFORMATION_FORMAT = dwarf;
				ENABLE_STRICT_OBJC_MSGSEND = YES;
				ENABLE_TESTABILITY = YES;
				GCC_C_LANGUAGE_STANDARD = gnu99;
				GCC_DYNAMIC_NO_PIC = NO;
				GCC_NO_COMMON_BLOCKS = YES;
				GCC_OPTIMIZATION_LEVEL = 0;
				GCC_PREPROCESSOR_DEFINITIONS = (
					"DEBUG=1",
					"$(inherited)",
				);
				GCC_WARN_64_TO_32_BIT_CONVERSION = YES;
				GCC_WARN_ABOUT_RETURN_TYPE = YES_ERROR;
				GCC_WARN_UNDECLARED_SELECTOR = YES;
				GCC_WARN_UNINITIALIZED_AUTOS = YES_AGGRESSIVE;
				GCC_WARN_UNUSED_FUNCTION = YES;
				GCC_WARN_UNUSED_VARIABLE = YES;
				IPHONEOS_DEPLOYMENT_TARGET = 9.2;
				MTL_ENABLE_DEBUG_INFO = YES;
				ONLY_ACTIVE_ARCH = YES;
				SDKROOT = iphoneos;
				SWIFT_OPTIMIZATION_LEVEL = "-Onone";
				TARGETED_DEVICE_FAMILY = "1,2";
			};
			name = Debug;
		};
		27E7120F1C5D523E009869A3 /* Release */ = {
			isa = XCBuildConfiguration;
			buildSettings = {
				ALWAYS_SEARCH_USER_PATHS = NO;
				CLANG_CXX_LANGUAGE_STANDARD = "gnu++0x";
				CLANG_CXX_LIBRARY = "libc++";
				CLANG_ENABLE_MODULES = YES;
				CLANG_ENABLE_OBJC_ARC = YES;
				CLANG_WARN_BOOL_CONVERSION = YES;
				CLANG_WARN_CONSTANT_CONVERSION = YES;
				CLANG_WARN_DIRECT_OBJC_ISA_USAGE = YES_ERROR;
				CLANG_WARN_EMPTY_BODY = YES;
				CLANG_WARN_ENUM_CONVERSION = YES;
				CLANG_WARN_INT_CONVERSION = YES;
				CLANG_WARN_OBJC_ROOT_CLASS = YES_ERROR;
				CLANG_WARN_UNREACHABLE_CODE = YES;
				CLANG_WARN__DUPLICATE_METHOD_MATCH = YES;
				"CODE_SIGN_IDENTITY[sdk=iphoneos*]" = "iPhone Developer";
				COPY_PHASE_STRIP = NO;
				DEBUG_INFORMATION_FORMAT = "dwarf-with-dsym";
				ENABLE_NS_ASSERTIONS = NO;
				ENABLE_STRICT_OBJC_MSGSEND = YES;
				GCC_C_LANGUAGE_STANDARD = gnu99;
				GCC_NO_COMMON_BLOCKS = YES;
				GCC_WARN_64_TO_32_BIT_CONVERSION = YES;
				GCC_WARN_ABOUT_RETURN_TYPE = YES_ERROR;
				GCC_WARN_UNDECLARED_SELECTOR = YES;
				GCC_WARN_UNINITIALIZED_AUTOS = YES_AGGRESSIVE;
				GCC_WARN_UNUSED_FUNCTION = YES;
				GCC_WARN_UNUSED_VARIABLE = YES;
				IPHONEOS_DEPLOYMENT_TARGET = 9.2;
				MTL_ENABLE_DEBUG_INFO = NO;
				SDKROOT = iphoneos;
				TARGETED_DEVICE_FAMILY = "1,2";
				VALIDATE_PRODUCT = YES;
			};
			name = Release;
		};
		27E712111C5D523E009869A3 /* Debug */ = {
			isa = XCBuildConfiguration;
			buildSettings = {
				ASSETCATALOG_COMPILER_APPICON_NAME = AppIcon;
				FRAMEWORK_SEARCH_PATHS = (
					"$(inherited)",
					"$(PROJECT_DIR)",
				);
				INFOPLIST_FILE = "Demo App/Info.plist";
				LD_RUNPATH_SEARCH_PATHS = "$(inherited) @executable_path/Frameworks";
				PRODUCT_BUNDLE_IDENTIFIER = "com.ogrebear.Demo-App";
				PRODUCT_NAME = "$(TARGET_NAME)";
			};
			name = Debug;
		};
		27E712121C5D523E009869A3 /* Release */ = {
			isa = XCBuildConfiguration;
			buildSettings = {
				ASSETCATALOG_COMPILER_APPICON_NAME = AppIcon;
				FRAMEWORK_SEARCH_PATHS = (
					"$(inherited)",
					"$(PROJECT_DIR)",
				);
				INFOPLIST_FILE = "Demo App/Info.plist";
				LD_RUNPATH_SEARCH_PATHS = "$(inherited) @executable_path/Frameworks";
				PRODUCT_BUNDLE_IDENTIFIER = "com.ogrebear.Demo-App";
				PRODUCT_NAME = "$(TARGET_NAME)";
			};
			name = Release;
		};
		27E712141C5D523E009869A3 /* Debug */ = {
			isa = XCBuildConfiguration;
			buildSettings = {
				BUNDLE_LOADER = "$(TEST_HOST)";
				INFOPLIST_FILE = "Demo AppTests/Info.plist";
				LD_RUNPATH_SEARCH_PATHS = "$(inherited) @executable_path/Frameworks @loader_path/Frameworks";
				PRODUCT_BUNDLE_IDENTIFIER = "com.ogrebear.Demo-AppTests";
				PRODUCT_NAME = "$(TARGET_NAME)";
				TEST_HOST = "$(BUILT_PRODUCTS_DIR)/Demo App.app/Demo App";
			};
			name = Debug;
		};
		27E712151C5D523E009869A3 /* Release */ = {
			isa = XCBuildConfiguration;
			buildSettings = {
				BUNDLE_LOADER = "$(TEST_HOST)";
				INFOPLIST_FILE = "Demo AppTests/Info.plist";
				LD_RUNPATH_SEARCH_PATHS = "$(inherited) @executable_path/Frameworks @loader_path/Frameworks";
				PRODUCT_BUNDLE_IDENTIFIER = "com.ogrebear.Demo-AppTests";
				PRODUCT_NAME = "$(TARGET_NAME)";
				TEST_HOST = "$(BUILT_PRODUCTS_DIR)/Demo App.app/Demo App";
			};
			name = Release;
		};
		27E712171C5D523E009869A3 /* Debug */ = {
			isa = XCBuildConfiguration;
			buildSettings = {
				INFOPLIST_FILE = "Demo AppUITests/Info.plist";
				LD_RUNPATH_SEARCH_PATHS = "$(inherited) @executable_path/Frameworks @loader_path/Frameworks";
				PRODUCT_BUNDLE_IDENTIFIER = "com.ogrebear.Demo-AppUITests";
				PRODUCT_NAME = "$(TARGET_NAME)";
				TEST_TARGET_NAME = "Demo App";
				USES_XCTRUNNER = YES;
			};
			name = Debug;
		};
		27E712181C5D523E009869A3 /* Release */ = {
			isa = XCBuildConfiguration;
			buildSettings = {
				INFOPLIST_FILE = "Demo AppUITests/Info.plist";
				LD_RUNPATH_SEARCH_PATHS = "$(inherited) @executable_path/Frameworks @loader_path/Frameworks";
				PRODUCT_BUNDLE_IDENTIFIER = "com.ogrebear.Demo-AppUITests";
				PRODUCT_NAME = "$(TARGET_NAME)";
				TEST_TARGET_NAME = "Demo App";
				USES_XCTRUNNER = YES;
			};
			name = Release;
		};
/* End XCBuildConfiguration section */

/* Begin XCConfigurationList section */
		27E711E31C5D523D009869A3 /* Build configuration list for PBXProject "Demo App" */ = {
			isa = XCConfigurationList;
			buildConfigurations = (
				27E7120E1C5D523E009869A3 /* Debug */,
				27E7120F1C5D523E009869A3 /* Release */,
			);
			defaultConfigurationIsVisible = 0;
			defaultConfigurationName = Release;
		};
		27E712101C5D523E009869A3 /* Build configuration list for PBXNativeTarget "Demo App" */ = {
			isa = XCConfigurationList;
			buildConfigurations = (
				27E712111C5D523E009869A3 /* Debug */,
				27E712121C5D523E009869A3 /* Release */,
			);
			defaultConfigurationIsVisible = 0;
			defaultConfigurationName = Release;
		};
		27E712131C5D523E009869A3 /* Build configuration list for PBXNativeTarget "Demo AppTests" */ = {
			isa = XCConfigurationList;
			buildConfigurations = (
				27E712141C5D523E009869A3 /* Debug */,
				27E712151C5D523E009869A3 /* Release */,
			);
			defaultConfigurationIsVisible = 0;
			defaultConfigurationName = Release;
		};
		27E712161C5D523E009869A3 /* Build configuration list for PBXNativeTarget "Demo AppUITests" */ = {
			isa = XCConfigurationList;
			buildConfigurations = (
				27E712171C5D523E009869A3 /* Debug */,
				27E712181C5D523E009869A3 /* Release */,
			);
			defaultConfigurationIsVisible = 0;
			defaultConfigurationName = Release;
		};
/* End XCConfigurationList section */
	};
	rootObject = 27E711E01C5D523D009869A3 /* Project object */;
}
